
Microsoft Visual Studio Solution File, Format Version 12.00
# Visual Studio Version 17
VisualStudioVersion = 17.8.34330.188
MinimumVisualStudioVersion = 10.0.40219.1
Project("{FAE04EC0-301F-11D3-BF4B-00C04F79EFBC}") = "CrecosApi", "CrecosApi.csproj", "{186808CE-5594-4582-81DC-E950E84BD069}"
EndProject
Global
	GlobalSection(SolutionConfigurationPlatforms) = preSolution
		Debug|Any CPU = Debug|Any CPU
		Release|Any CPU = Release|Any CPU
	EndGlobalSection
	GlobalSection(ProjectConfigurationPlatforms) = postSolution
		{186808CE-5594-4582-81DC-E950E84BD069}.Debug|Any CPU.ActiveCfg = Debug|Any CPU
		{186808CE-5594-4582-81DC-E950E84BD069}.Debug|Any CPU.Build.0 = Debug|Any CPU
		{186808CE-5594-4582-81DC-E950E84BD069}.Release|Any CPU.ActiveCfg = Release|Any CPU
		{186808CE-5594-4582-81DC-E950E84BD069}.Release|Any CPU.Build.0 = Release|Any CPU
	EndGlobalSection
	GlobalSection(SolutionProperties) = preSolution
		HideSolutionNode = FALSE
	EndGlobalSection
	GlobalSection(ExtensibilityGlobals) = postSolution
		SolutionGuid = {4A0031A5-0EA7-44B1-99A2-15D243553E50}
	EndGlobalSection
EndGlobal
